// !$*UTF8*$!
{
	archiveVersion = 1;
	classes = {
	};
	objectVersion = 46;
	objects = {

/* Begin PBXBuildFile section */
		AED1AC5E1F3936AF000EFFDB /* AppDelegate.swift in Sources */ = {isa = PBXBuildFile; fileRef = AED1AC5D1F3936AF000EFFDB /* AppDelegate.swift */; };
		AED1AC601F3936AF000EFFDB /* ViewController.swift in Sources */ = {isa = PBXBuildFile; fileRef = AED1AC5F1F3936AF000EFFDB /* ViewController.swift */; };
		AED1AC631F3936AF000EFFDB /* Main.storyboard in Resources */ = {isa = PBXBuildFile; fileRef = AED1AC611F3936AF000EFFDB /* Main.storyboard */; };
		AED1AC651F3936AF000EFFDB /* Assets.xcassets in Resources */ = {isa = PBXBuildFile; fileRef = AED1AC641F3936AF000EFFDB /* Assets.xcassets */; };
		AED1AC681F3936AF000EFFDB /* LaunchScreen.storyboard in Resources */ = {isa = PBXBuildFile; fileRef = AED1AC661F3936AF000EFFDB /* LaunchScreen.storyboard */; };
		AED1AC701F393C18000EFFDB /* pound-yen-euro-dollar.png in Resources */ = {isa = PBXBuildFile; fileRef = AED1AC6F1F393C18000EFFDB /* pound-yen-euro-dollar.png */; };
/* End PBXBuildFile section */

/* Begin PBXFileReference section */
		AED1AC5A1F3936AF000EFFDB /* CurrencyConverter.app */ = {isa = PBXFileReference; explicitFileType = wrapper.application; includeInIndex = 0; path = CurrencyConverter.app; sourceTree = BUILT_PRODUCTS_DIR; };
		AED1AC5D1F3936AF000EFFDB /* AppDelegate.swift */ = {isa = PBXFileReference; lastKnownFileType = sourcecode.swift; path = AppDelegate.swift; sourceTree = "<group>"; };
		AED1AC5F1F3936AF000EFFDB /* ViewController.swift */ = {isa = PBXFileReference; lastKnownFileType = sourcecode.swift; path = ViewController.swift; sourceTree = "<group>"; };
		AED1AC621F3936AF000EFFDB /* Base */ = {isa = PBXFileReference; lastKnownFileType = file.storyboard; name = Base; path = Base.lproj/Main.storyboard; sourceTree = "<group>"; };
		AED1AC641F3936AF000EFFDB /* Assets.xcassets */ = {isa = PBXFileReference; lastKnownFileType = folder.assetcatalog; path = Assets.xcassets; sourceTree = "<group>"; };
		AED1AC671F3936AF000EFFDB /* Base */ = {isa = PBXFileReference; lastKnownFileType = file.storyboard; name = Base; path = Base.lproj/LaunchScreen.storyboard; sourceTree = "<group>"; };
		AED1AC691F3936AF000EFFDB /* Info.plist */ = {isa = PBXFileReference; lastKnownFileType = text.plist.xml; path = Info.plist; sourceTree = "<group>"; };
		AED1AC6F1F393C18000EFFDB /* pound-yen-euro-dollar.png */ = {isa = PBXFileReference; lastKnownFileType = image.png; path = "pound-yen-euro-dollar.png"; sourceTree = "<group>"; };
/* End PBXFileReference section */

/* Begin PBXFrameworksBuildPhase section */
		AED1AC571F3936AF000EFFDB /* Frameworks */ = {
			isa = PBXFrameworksBuildPhase;
			buildActionMask = 2147483647;
			files = (
			);
			runOnlyForDeploymentPostprocessing = 0;
		};
/* End PBXFrameworksBuildPhase section */

/* Begin PBXGroup section */
		AED1AC511F3936AF000EFFDB = {
			isa = PBXGroup;
			children = (
				AED1AC5C1F3936AF000EFFDB /* CurrencyConverter */,
				AED1AC5B1F3936AF000EFFDB /* Products */,
			);
			sourceTree = "<group>";
		};
		AED1AC5B1F3936AF000EFFDB /* Products */ = {
			isa = PBXGroup;
			children = (
				AED1AC5A1F3936AF000EFFDB /* CurrencyConverter.app */,
			);
			name = Products;
			sourceTree = "<group>";
		};
		AED1AC5C1F3936AF000EFFDB /* CurrencyConverter */ = {
			isa = PBXGroup;
			children = (
				AED1AC5D1F3936AF000EFFDB /* AppDelegate.swift */,
				AED1AC5F1F3936AF000EFFDB /* ViewController.swift */,
				AED1AC611F3936AF000EFFDB /* Main.storyboard */,
				AED1AC641F3936AF000EFFDB /* Assets.xcassets */,
				AED1AC661F3936AF000EFFDB /* LaunchScreen.storyboard */,
				AED1AC6F1F393C18000EFFDB /* pound-yen-euro-dollar.png */,
				AED1AC691F3936AF000EFFDB /* Info.plist */,
			);
			path = CurrencyConverter;
			sourceTree = "<group>";
		};
/* End PBXGroup section */

/* Begin PBXNativeTarget section */
		AED1AC591F3936AF000EFFDB /* CurrencyConverter */ = {
			isa = PBXNativeTarget;
			buildConfigurationList = AED1AC6C1F3936AF000EFFDB /* Build configuration list for PBXNativeTarget "CurrencyConverter" */;
			buildPhases = (
				AED1AC561F3936AF000EFFDB /* Sources */,
				AED1AC571F3936AF000EFFDB /* Frameworks */,
				AED1AC581F3936AF000EFFDB /* Resources */,
			);
			buildRules = (
			);
			dependencies = (
			);
			name = CurrencyConverter;
			productName = CurrencyConverter;
			productReference = AED1AC5A1F3936AF000EFFDB /* CurrencyConverter.app */;
			productType = "com.apple.product-type.application";
		};
/* End PBXNativeTarget section */

/* Begin PBXProject section */
		AED1AC521F3936AF000EFFDB /* Project object */ = {
			isa = PBXProject;
			attributes = {
				LastSwiftUpdateCheck = 0830;
				LastUpgradeCheck = 0830;
				ORGANIZATIONNAME = "Samuel Hardy";
				TargetAttributes = {
					AED1AC591F3936AF000EFFDB = {
						CreatedOnToolsVersion = 8.3.3;
						ProvisioningStyle = Automatic;
					};
				};
			};
			buildConfigurationList = AED1AC551F3936AF000EFFDB /* Build configuration list for PBXProject "CurrencyConverter" */;
			compatibilityVersion = "Xcode 3.2";
			developmentRegion = English;
			hasScannedForEncodings = 0;
			knownRegions = (
				en,
				Base,
			);
			mainGroup = AED1AC511F3936AF000EFFDB;
			productRefGroup = AED1AC5B1F3936AF000EFFDB /* Products */;
			projectDirPath = "";
			projectRoot = "";
			targets = (
				AED1AC591F3936AF000EFFDB /* CurrencyConverter */,
			);
		};
/* End PBXProject section */

/* Begin PBXResourcesBuildPhase section */
		AED1AC581F3936AF000EFFDB /* Resources */ = {
			isa = PBXResourcesBuildPhase;
			buildActionMask = 2147483647;
			files = (
				AED1AC681F3936AF000EFFDB /* LaunchScreen.storyboard in Resources */,
				AED1AC651F3936AF000EFFDB /* Assets.xcassets in Resources */,
				AED1AC701F393C18000EFFDB /* pound-yen-euro-dollar.png in Resources */,
				AED1AC631F3936AF000EFFDB /* Main.storyboard in Resources */,
			);
			runOnlyForDeploymentPostprocessing = 0;
		};
/* End PBXResourcesBuildPhase section */

/* Begin PBXSourcesBuildPhase section */
		AED1AC561F3936AF000EFFDB /* Sources */ = {
			isa = PBXSourcesBuildPhase;
			buildActionMask = 2147483647;
			files = (
				AED1AC601F3936AF000EFFDB /* ViewController.swift in Sources */,
				AED1AC5E1F3936AF000EFFDB /* AppDelegate.swift in Sources */,
			);
			runOnlyForDeploymentPostprocessing = 0;
		};
/* End PBXSourcesBuildPhase section */

/* Begin PBXVariantGroup section */
		AED1AC611F3936AF000EFFDB /* Main.storyboard */ = {
			isa = PBXVariantGroup;
			children = (
				AED1AC621F3936AF000EFFDB /* Base */,
			);
			name = Main.storyboard;
			sourceTree = "<group>";
		};
		AED1AC661F3936AF000EFFDB /* LaunchScreen.storyboard */ = {
			isa = PBXVariantGroup;
			children = (
				AED1AC671F3936AF000EFFDB /* Base */,
			);
			name = LaunchScreen.storyboard;
			sourceTree = "<group>";
		};
/* End PBXVariantGroup section */

/* Begin XCBuildConfiguration section */
		AED1AC6A1F3936AF000EFFDB /* Debug */ = {
			isa = XCBuildConfiguration;
			buildSettings = {
				ALWAYS_SEARCH_USER_PATHS = NO;
				CLANG_ANALYZER_NONNULL = YES;
				CLANG_ANALYZER_NUMBER_OBJECT_CONVERSION = YES_AGGRESSIVE;
				CLANG_CXX_LANGUAGE_STANDARD = "gnu++0x";
				CLANG_CXX_LIBRARY = "libc++";
				CLANG_ENABLE_MODULES = YES;
				CLANG_ENABLE_OBJC_ARC = YES;
				CLANG_WARN_BOOL_CONVERSION = YES;
				CLANG_WARN_CONSTANT_CONVERSION = YES;
				CLANG_WARN_DIRECT_OBJC_ISA_USAGE = YES_ERROR;
				CLANG_WARN_DOCUMENTATION_COMMENTS = YES;
				CLANG_WARN_EMPTY_BODY = YES;
				CLANG_WARN_ENUM_CONVERSION = YES;
				CLANG_WARN_INFINITE_RECURSION = YES;
				CLANG_WARN_INT_CONVERSION = YES;
				CLANG_WARN_OBJC_ROOT_CLASS = YES_ERROR;
				CLANG_WARN_SUSPICIOUS_MOVE = YES;
				CLANG_WARN_UNREACHABLE_CODE = YES;
				CLANG_WARN__DUPLICATE_METHOD_MATCH = YES;
				"CODE_SIGN_IDENTITY[sdk=iphoneos*]" = "iPhone Developer";
				COPY_PHASE_STRIP = NO;
				DEBUG_INFORMATION_FORMAT = dwarf;
				ENABLE_STRICT_OBJC_MSGSEND = YES;
				ENABLE_TESTABILITY = YES;
				GCC_C_LANGUAGE_STANDARD = gnu99;
				GCC_DYNAMIC_NO_PIC = NO;
				GCC_NO_COMMON_BLOCKS = YES;
				GCC_OPTIMIZATION_LEVEL = 0;
				GCC_PREPROCESSOR_DEFINITIONS = (
					"DEBUG=1",
					"$(inherited)",
				);
				GCC_WARN_64_TO_32_BIT_CONVERSION = YES;
				GCC_WARN_ABOUT_RETURN_TYPE = YES_ERROR;
				GCC_WARN_UNDECLARED_SELECTOR = YES;
				GCC_WARN_UNINITIALIZED_AUTOS = YES_AGGRESSIVE;
				GCC_WARN_UNUSED_FUNCTION = YES;
				GCC_WARN_UNUSED_VARIABLE = YES;
				IPHONEOS_DEPLOYMENT_TARGET = 10.3;
				MTL_ENABLE_DEBUG_INFO = YES;
				ONLY_ACTIVE_ARCH = YES;
				SDKROOT = iphoneos;
				SWIFT_ACTIVE_COMPILATION_CONDITIONS = DEBUG;
				SWIFT_OPTIMIZATION_LEVEL = "-Onone";
				TARGETED_DEVICE_FAMILY = "1,2";
			};
			name = Debug;
		};
		AED1AC6B1F3936AF000EFFDB /* Release */ = {
			isa = XCBuildConfiguration;
			buildSettings = {
				ALWAYS_SEARCH_USER_PATHS = NO;
				CLANG_ANALYZER_NONNULL = YES;
				CLANG_ANALYZER_NUMBER_OBJECT_CONVERSION = YES_AGGRESSIVE;
				CLANG_CXX_LANGUAGE_STANDARD = "gnu++0x";
				CLANG_CXX_LIBRARY = "libc++";
				CLANG_ENABLE_MODULES = YES;
				CLANG_ENABLE_OBJC_ARC = YES;
				CLANG_WARN_BOOL_CONVERSION = YES;
				CLANG_WARN_CONSTANT_CONVERSION = YES;
				CLANG_WARN_DIRECT_OBJC_ISA_USAGE = YES_ERROR;
				CLANG_WARN_DOCUMENTATION_COMMENTS = YES;
				CLANG_WARN_EMPTY_BODY = YES;
				CLANG_WARN_ENUM_CONVERSION = YES;
				CLANG_WARN_INFINITE_RECURSION = YES;
				CLANG_WARN_INT_CONVERSION = YES;
				CLANG_WARN_OBJC_ROOT_CLASS = YES_ERROR;
				CLANG_WARN_SUSPICIOUS_MOVE = YES;
				CLANG_WARN_UNREACHABLE_CODE = YES;
				CLANG_WARN__DUPLICATE_METHOD_MATCH = YES;
				"CODE_SIGN_IDENTITY[sdk=iphoneos*]" = "iPhone Developer";
				COPY_PHASE_STRIP = NO;
				DEBUG_INFORMATION_FORMAT = "dwarf-with-dsym";
				ENABLE_NS_ASSERTIONS = NO;
				ENABLE_STRICT_OBJC_MSGSEND = YES;
				GCC_C_LANGUAGE_STANDARD = gnu99;
				GCC_NO_COMMON_BLOCKS = YES;
				GCC_WARN_64_TO_32_BIT_CONVERSION = YES;
				GCC_WARN_ABOUT_RETURN_TYPE = YES_ERROR;
				GCC_WARN_UNDECLARED_SELECTOR = YES;
				GCC_WARN_UNINITIALIZED_AUTOS = YES_AGGRESSIVE;
				GCC_WARN_UNUSED_FUNCTION = YES;
				GCC_WARN_UNUSED_VARIABLE = YES;
				IPHONEOS_DEPLOYMENT_TARGET = 10.3;
				MTL_ENABLE_DEBUG_INFO = NO;
				SDKROOT = iphoneos;
				SWIFT_OPTIMIZATION_LEVEL = "-Owholemodule";
				TARGETED_DEVICE_FAMILY = "1,2";
				VALIDATE_PRODUCT = YES;
			};
			name = Release;
		};
		AED1AC6D1F3936AF000EFFDB /* Debug */ = {
			isa = XCBuildConfiguration;
			buildSettings = {
				ASSETCATALOG_COMPILER_APPICON_NAME = AppIcon;
				DEVELOPMENT_TEAM = "";
				INFOPLIST_FILE = CurrencyConverter/Info.plist;
				LD_RUNPATH_SEARCH_PATHS = "$(inherited) @executable_path/Frameworks";
				PRODUCT_BUNDLE_IDENTIFIER = com.Hardy.CurrencyConverter;
				PRODUCT_NAME = "$(TARGET_NAME)";
				SWIFT_VERSION = 3.0;
			};
			name = Debug;
		};
		AED1AC6E1F3936AF000EFFDB /* Release */ = {
			isa = XCBuildConfiguration;
			buildSettings = {
				ASSETCATALOG_COMPILER_APPICON_NAME = AppIcon;
				DEVELOPMENT_TEAM = "";
				INFOPLIST_FILE = CurrencyConverter/Info.plist;
				LD_RUNPATH_SEARCH_PATHS = "$(inherited) @executable_path/Frameworks";
				PRODUCT_BUNDLE_IDENTIFIER = com.Hardy.CurrencyConverter;
				PRODUCT_NAME = "$(TARGET_NAME)";
				SWIFT_VERSION = 3.0;
			};
			name = Release;
		};
/* End XCBuildConfiguration section */

/* Begin XCConfigurationList section */
		AED1AC551F3936AF000EFFDB /* Build configuration list for PBXProject "CurrencyConverter" */ = {
			isa = XCConfigurationList;
			buildConfigurations = (
				AED1AC6A1F3936AF000EFFDB /* Debug */,
				AED1AC6B1F3936AF000EFFDB /* Release */,
			);
			defaultConfigurationIsVisible = 0;
			defaultConfigurationName = Release;
		};
		AED1AC6C1F3936AF000EFFDB /* Build configuration list for PBXNativeTarget "CurrencyConverter" */ = {
			isa = XCConfigurationList;
			buildConfigurations = (
				AED1AC6D1F3936AF000EFFDB /* Debug */,
				AED1AC6E1F3936AF000EFFDB /* Release */,
			);
			defaultConfigurationIsVisible = 0;
		};
/* End XCConfigurationList section */
	};
	rootObject = AED1AC521F3936AF000EFFDB /* Project object */;
}
